
Microsoft Visual Studio Solution File, Format Version 12.00
# Visual Studio 15
VisualStudioVersion = 15.0.26124.0
MinimumVisualStudioVersion = 15.0.26124.0
Project("{2150E333-8FDC-42A3-9474-1A3956D46DE8}") = "Oetools.Builder", "Oetools.Builder", "{DAE1057D-8FDD-4282-B12B-647AB80C78F4}"
EndProject
Project("{2150E333-8FDC-42A3-9474-1A3956D46DE8}") = "Oetools.Utilities", "Oetools.Utilities", "{F96E9980-FE60-48C1-84DD-CDB2BC20B629}"
EndProject
Project("{2150E333-8FDC-42A3-9474-1A3956D46DE8}") = "Solution", "Solution", "{88BF140B-288F-4CD9-A6F0-0BBAD9FCC77A}"
	ProjectSection(SolutionItems) = preProject
		README.md = README.md
	EndProjectSection
EndProject
Project("{9A19103F-16F7-4668-BE54-9A1E7A4F7556}") = "Oetools.Sakoe", "Oetools.Sakoe\Oetools.Sakoe.csproj", "{FFB81763-530F-4355-A234-BCE711A49102}"
EndProject
Project("{9A19103F-16F7-4668-BE54-9A1E7A4F7556}") = "Oetools.Builder", "Oetools.Builder\Oetools.Builder\Oetools.Builder.csproj", "{B8485339-A572-491D-8BD6-86BB5DE9B74B}"
EndProject
Project("{9A19103F-16F7-4668-BE54-9A1E7A4F7556}") = "Oetools.Utilities", "Oetools.Builder\Oetools.Utilities\Oetools.Utilities\Oetools.Utilities.csproj", "{857821EF-1EE8-47E4-9E13-E49D07EE9C54}"
EndProject
Project("{9A19103F-16F7-4668-BE54-9A1E7A4F7556}") = "Oetools.Builder.Test", "Oetools.Builder\Oetools.Builder.Test\Oetools.Builder.Test.csproj", "{9DBFD4E7-5759-4FC5-81EA-54AAD23BC5A2}"
EndProject
Project("{9A19103F-16F7-4668-BE54-9A1E7A4F7556}") = "Oetools.Utilities.Test", "Oetools.Builder\Oetools.Utilities\Oetools.Utilities.Test\Oetools.Utilities.Test.csproj", "{43A5D2ED-B550-4381-BB5C-A1E569A9A47D}"
EndProject
Project("{9A19103F-16F7-4668-BE54-9A1E7A4F7556}") = "Oetools.Sakoe.Test", "Oetools.Sakoe.Test\Oetools.Sakoe.Test.csproj", "{2B26AD29-0096-426A-8D70-C10D2DECC33D}"
EndProject
Project("{2150E333-8FDC-42A3-9474-1A3956D46DE8}") = "CabinetManager", "CabinetManager", "{68AE5847-7F8B-4BFA-9FF1-7B6431D5DEA7}"
EndProject
Project("{FAE04EC0-301F-11D3-BF4B-00C04F79EFBC}") = "CabinetManager", "Oetools.Builder\Oetools.Utilities\CabinetManager\CabinetManager\CabinetManager.csproj", "{3F6337C8-BAFA-4EF8-B242-8468E9715BE4}"
EndProject
Project("{FAE04EC0-301F-11D3-BF4B-00C04F79EFBC}") = "CabinetManagerTest", "Oetools.Builder\Oetools.Utilities\CabinetManager\CabinetManagerTest\CabinetManagerTest.csproj", "{061C7098-C8D0-45FB-923C-169E535C4EA3}"
EndProject
Project("{2150E333-8FDC-42A3-9474-1A3956D46DE8}") = "CommandLineUtilsPlus", "CommandLineUtilsPlus", "{8B382915-DB81-4FCE-8D2F-A2CBE4EB4703}"
EndProject
Project("{FAE04EC0-301F-11D3-BF4B-00C04F79EFBC}") = "CommandLineUtilsPlus", "CommandLineUtilsPlus\CommandLineUtilsPlus\CommandLineUtilsPlus.csproj", "{7DC2A8BD-14F2-438E-9161-BA404D508214}"
EndProject
Project("{FAE04EC0-301F-11D3-BF4B-00C04F79EFBC}") = "CommandLineUtilsPlus.Test", "CommandLineUtilsPlus\CommandLineUtilsPlus.Test\CommandLineUtilsPlus.Test.csproj", "{2FA94E62-C8A3-4896-AF61-C03021D7D499}"
EndProject
Project("{2150E333-8FDC-42A3-9474-1A3956D46DE8}") = "DotUtilities", "DotUtilities", "{326C9229-24C0-4824-8A41-465DC4E0407C}"
EndProject
Project("{FAE04EC0-301F-11D3-BF4B-00C04F79EFBC}") = "DotUtilities", "Oetools.Builder\Oetools.Utilities\DotUtilities\DotUtilities\DotUtilities.csproj", "{CFC472EB-69C3-4C4A-8762-05D3A379040B}"
EndProject
Project("{FAE04EC0-301F-11D3-BF4B-00C04F79EFBC}") = "DotUtilities.Test", "Oetools.Builder\Oetools.Utilities\DotUtilities\DotUtilities.Test\DotUtilities.Test.csproj", "{57AEA729-887E-4EEC-9703-318C0F599CFF}"
EndProject
Project("{2150E333-8FDC-42A3-9474-1A3956D46DE8}") = "SoftwareUpdater", "SoftwareUpdater", "{21ACEFC6-8FDC-4D16-880F-B656AA63E0E0}"
EndProject
Project("{FAE04EC0-301F-11D3-BF4B-00C04F79EFBC}") = "SoftwareUpdater", "SoftwareUpdater\SoftwareUpdater\SoftwareUpdater.csproj", "{84D2E5CE-8DF6-4EE7-A50F-BB93D2EA4ACE}"
EndProject
Project("{FAE04EC0-301F-11D3-BF4B-00C04F79EFBC}") = "SoftwareUpdater.Test", "SoftwareUpdater\SoftwareUpdater.Test\SoftwareUpdater.Test.csproj", "{D04CAF4F-ADCC-465E-AE2B-EB21901B4A10}"
EndProject
Project("{FAE04EC0-301F-11D3-BF4B-00C04F79EFBC}") = "SimpleFileUpdater", "SoftwareUpdater\SimpleFileUpdater\SimpleFileUpdater\SimpleFileUpdater.csproj", "{1E9159B8-0799-415D-AB28-43CC56E36237}"
EndProject
Project("{FAE04EC0-301F-11D3-BF4B-00C04F79EFBC}") = "DemoSelfUpdateApp", "SoftwareUpdater\DemoSelfUpdateApp\DemoSelfUpdateApp.csproj", "{7E76E011-3CC9-4474-99B1-5B6E866A89C5}"
EndProject
Global
	GlobalSection(SolutionConfigurationPlatforms) = preSolution
		Debug|Any CPU = Debug|Any CPU
		Debug|x64 = Debug|x64
		Debug|x86 = Debug|x86
		Release|Any CPU = Release|Any CPU
		Release|x64 = Release|x64
		Release|x86 = Release|x86
	EndGlobalSection
	GlobalSection(ProjectConfigurationPlatforms) = postSolution
		{FFB81763-530F-4355-A234-BCE711A49102}.Debug|Any CPU.ActiveCfg = Debug|Any CPU
		{FFB81763-530F-4355-A234-BCE711A49102}.Debug|Any CPU.Build.0 = Debug|Any CPU
		{FFB81763-530F-4355-A234-BCE711A49102}.Debug|x64.ActiveCfg = Debug|Any CPU
		{FFB81763-530F-4355-A234-BCE711A49102}.Debug|x64.Build.0 = Debug|Any CPU
		{FFB81763-530F-4355-A234-BCE711A49102}.Debug|x86.ActiveCfg = Debug|Any CPU
		{FFB81763-530F-4355-A234-BCE711A49102}.Debug|x86.Build.0 = Debug|Any CPU
		{FFB81763-530F-4355-A234-BCE711A49102}.Release|Any CPU.ActiveCfg = Release|Any CPU
		{FFB81763-530F-4355-A234-BCE711A49102}.Release|Any CPU.Build.0 = Release|Any CPU
		{FFB81763-530F-4355-A234-BCE711A49102}.Release|x64.ActiveCfg = Release|Any CPU
		{FFB81763-530F-4355-A234-BCE711A49102}.Release|x64.Build.0 = Release|Any CPU
		{FFB81763-530F-4355-A234-BCE711A49102}.Release|x86.ActiveCfg = Release|Any CPU
		{FFB81763-530F-4355-A234-BCE711A49102}.Release|x86.Build.0 = Release|Any CPU
		{B8485339-A572-491D-8BD6-86BB5DE9B74B}.Debug|Any CPU.ActiveCfg = Debug|Any CPU
		{B8485339-A572-491D-8BD6-86BB5DE9B74B}.Debug|Any CPU.Build.0 = Debug|Any CPU
		{B8485339-A572-491D-8BD6-86BB5DE9B74B}.Debug|x64.ActiveCfg = Debug|Any CPU
		{B8485339-A572-491D-8BD6-86BB5DE9B74B}.Debug|x64.Build.0 = Debug|Any CPU
		{B8485339-A572-491D-8BD6-86BB5DE9B74B}.Debug|x86.ActiveCfg = Debug|Any CPU
		{B8485339-A572-491D-8BD6-86BB5DE9B74B}.Debug|x86.Build.0 = Debug|Any CPU
		{B8485339-A572-491D-8BD6-86BB5DE9B74B}.Release|Any CPU.ActiveCfg = Release|Any CPU
		{B8485339-A572-491D-8BD6-86BB5DE9B74B}.Release|Any CPU.Build.0 = Release|Any CPU
		{B8485339-A572-491D-8BD6-86BB5DE9B74B}.Release|x64.ActiveCfg = Release|Any CPU
		{B8485339-A572-491D-8BD6-86BB5DE9B74B}.Release|x64.Build.0 = Release|Any CPU
		{B8485339-A572-491D-8BD6-86BB5DE9B74B}.Release|x86.ActiveCfg = Release|Any CPU
		{B8485339-A572-491D-8BD6-86BB5DE9B74B}.Release|x86.Build.0 = Release|Any CPU
		{857821EF-1EE8-47E4-9E13-E49D07EE9C54}.Debug|Any CPU.ActiveCfg = Debug|Any CPU
		{857821EF-1EE8-47E4-9E13-E49D07EE9C54}.Debug|Any CPU.Build.0 = Debug|Any CPU
		{857821EF-1EE8-47E4-9E13-E49D07EE9C54}.Debug|x64.ActiveCfg = Debug|Any CPU
		{857821EF-1EE8-47E4-9E13-E49D07EE9C54}.Debug|x64.Build.0 = Debug|Any CPU
		{857821EF-1EE8-47E4-9E13-E49D07EE9C54}.Debug|x86.ActiveCfg = Debug|Any CPU
		{857821EF-1EE8-47E4-9E13-E49D07EE9C54}.Debug|x86.Build.0 = Debug|Any CPU
		{857821EF-1EE8-47E4-9E13-E49D07EE9C54}.Release|Any CPU.ActiveCfg = Release|Any CPU
		{857821EF-1EE8-47E4-9E13-E49D07EE9C54}.Release|Any CPU.Build.0 = Release|Any CPU
		{857821EF-1EE8-47E4-9E13-E49D07EE9C54}.Release|x64.ActiveCfg = Release|Any CPU
		{857821EF-1EE8-47E4-9E13-E49D07EE9C54}.Release|x64.Build.0 = Release|Any CPU
		{857821EF-1EE8-47E4-9E13-E49D07EE9C54}.Release|x86.ActiveCfg = Release|Any CPU
		{857821EF-1EE8-47E4-9E13-E49D07EE9C54}.Release|x86.Build.0 = Release|Any CPU
		{9DBFD4E7-5759-4FC5-81EA-54AAD23BC5A2}.Debug|Any CPU.ActiveCfg = Debug|Any CPU
		{9DBFD4E7-5759-4FC5-81EA-54AAD23BC5A2}.Debug|Any CPU.Build.0 = Debug|Any CPU
		{9DBFD4E7-5759-4FC5-81EA-54AAD23BC5A2}.Debug|x64.ActiveCfg = Debug|Any CPU
		{9DBFD4E7-5759-4FC5-81EA-54AAD23BC5A2}.Debug|x64.Build.0 = Debug|Any CPU
		{9DBFD4E7-5759-4FC5-81EA-54AAD23BC5A2}.Debug|x86.ActiveCfg = Debug|Any CPU
		{9DBFD4E7-5759-4FC5-81EA-54AAD23BC5A2}.Debug|x86.Build.0 = Debug|Any CPU
		{9DBFD4E7-5759-4FC5-81EA-54AAD23BC5A2}.Release|Any CPU.ActiveCfg = Release|Any CPU
		{9DBFD4E7-5759-4FC5-81EA-54AAD23BC5A2}.Release|Any CPU.Build.0 = Release|Any CPU
		{9DBFD4E7-5759-4FC5-81EA-54AAD23BC5A2}.Release|x64.ActiveCfg = Release|Any CPU
		{9DBFD4E7-5759-4FC5-81EA-54AAD23BC5A2}.Release|x64.Build.0 = Release|Any CPU
		{9DBFD4E7-5759-4FC5-81EA-54AAD23BC5A2}.Release|x86.ActiveCfg = Release|Any CPU
		{9DBFD4E7-5759-4FC5-81EA-54AAD23BC5A2}.Release|x86.Build.0 = Release|Any CPU
		{43A5D2ED-B550-4381-BB5C-A1E569A9A47D}.Debug|Any CPU.ActiveCfg = Debug|Any CPU
		{43A5D2ED-B550-4381-BB5C-A1E569A9A47D}.Debug|Any CPU.Build.0 = Debug|Any CPU
		{43A5D2ED-B550-4381-BB5C-A1E569A9A47D}.Debug|x64.ActiveCfg = Debug|Any CPU
		{43A5D2ED-B550-4381-BB5C-A1E569A9A47D}.Debug|x64.Build.0 = Debug|Any CPU
		{43A5D2ED-B550-4381-BB5C-A1E569A9A47D}.Debug|x86.ActiveCfg = Debug|Any CPU
		{43A5D2ED-B550-4381-BB5C-A1E569A9A47D}.Debug|x86.Build.0 = Debug|Any CPU
		{43A5D2ED-B550-4381-BB5C-A1E569A9A47D}.Release|Any CPU.ActiveCfg = Release|Any CPU
		{43A5D2ED-B550-4381-BB5C-A1E569A9A47D}.Release|Any CPU.Build.0 = Release|Any CPU
		{43A5D2ED-B550-4381-BB5C-A1E569A9A47D}.Release|x64.ActiveCfg = Release|Any CPU
		{43A5D2ED-B550-4381-BB5C-A1E569A9A47D}.Release|x64.Build.0 = Release|Any CPU
		{43A5D2ED-B550-4381-BB5C-A1E569A9A47D}.Release|x86.ActiveCfg = Release|Any CPU
		{43A5D2ED-B550-4381-BB5C-A1E569A9A47D}.Release|x86.Build.0 = Release|Any CPU
		{2B26AD29-0096-426A-8D70-C10D2DECC33D}.Debug|Any CPU.ActiveCfg = Debug|Any CPU
		{2B26AD29-0096-426A-8D70-C10D2DECC33D}.Debug|Any CPU.Build.0 = Debug|Any CPU
		{2B26AD29-0096-426A-8D70-C10D2DECC33D}.Debug|x64.ActiveCfg = Debug|Any CPU
		{2B26AD29-0096-426A-8D70-C10D2DECC33D}.Debug|x64.Build.0 = Debug|Any CPU
		{2B26AD29-0096-426A-8D70-C10D2DECC33D}.Debug|x86.ActiveCfg = Debug|Any CPU
		{2B26AD29-0096-426A-8D70-C10D2DECC33D}.Debug|x86.Build.0 = Debug|Any CPU
		{2B26AD29-0096-426A-8D70-C10D2DECC33D}.Release|Any CPU.ActiveCfg = Release|Any CPU
		{2B26AD29-0096-426A-8D70-C10D2DECC33D}.Release|Any CPU.Build.0 = Release|Any CPU
		{2B26AD29-0096-426A-8D70-C10D2DECC33D}.Release|x64.ActiveCfg = Release|Any CPU
		{2B26AD29-0096-426A-8D70-C10D2DECC33D}.Release|x64.Build.0 = Release|Any CPU
		{2B26AD29-0096-426A-8D70-C10D2DECC33D}.Release|x86.ActiveCfg = Release|Any CPU
		{2B26AD29-0096-426A-8D70-C10D2DECC33D}.Release|x86.Build.0 = Release|Any CPU
		{3F6337C8-BAFA-4EF8-B242-8468E9715BE4}.Debug|Any CPU.ActiveCfg = Debug|Any CPU
		{3F6337C8-BAFA-4EF8-B242-8468E9715BE4}.Debug|Any CPU.Build.0 = Debug|Any CPU
		{3F6337C8-BAFA-4EF8-B242-8468E9715BE4}.Debug|x64.ActiveCfg = Debug|Any CPU
		{3F6337C8-BAFA-4EF8-B242-8468E9715BE4}.Debug|x64.Build.0 = Debug|Any CPU
		{3F6337C8-BAFA-4EF8-B242-8468E9715BE4}.Debug|x86.ActiveCfg = Debug|Any CPU
		{3F6337C8-BAFA-4EF8-B242-8468E9715BE4}.Debug|x86.Build.0 = Debug|Any CPU
		{3F6337C8-BAFA-4EF8-B242-8468E9715BE4}.Release|Any CPU.ActiveCfg = Release|Any CPU
		{3F6337C8-BAFA-4EF8-B242-8468E9715BE4}.Release|Any CPU.Build.0 = Release|Any CPU
		{3F6337C8-BAFA-4EF8-B242-8468E9715BE4}.Release|x64.ActiveCfg = Release|Any CPU
		{3F6337C8-BAFA-4EF8-B242-8468E9715BE4}.Release|x64.Build.0 = Release|Any CPU
		{3F6337C8-BAFA-4EF8-B242-8468E9715BE4}.Release|x86.ActiveCfg = Release|Any CPU
		{3F6337C8-BAFA-4EF8-B242-8468E9715BE4}.Release|x86.Build.0 = Release|Any CPU
		{061C7098-C8D0-45FB-923C-169E535C4EA3}.Debug|Any CPU.ActiveCfg = Debug|Any CPU
		{061C7098-C8D0-45FB-923C-169E535C4EA3}.Debug|Any CPU.Build.0 = Debug|Any CPU
		{061C7098-C8D0-45FB-923C-169E535C4EA3}.Debug|x64.ActiveCfg = Debug|Any CPU
		{061C7098-C8D0-45FB-923C-169E535C4EA3}.Debug|x64.Build.0 = Debug|Any CPU
		{061C7098-C8D0-45FB-923C-169E535C4EA3}.Debug|x86.ActiveCfg = Debug|Any CPU
		{061C7098-C8D0-45FB-923C-169E535C4EA3}.Debug|x86.Build.0 = Debug|Any CPU
		{061C7098-C8D0-45FB-923C-169E535C4EA3}.Release|Any CPU.ActiveCfg = Release|Any CPU
		{061C7098-C8D0-45FB-923C-169E535C4EA3}.Release|Any CPU.Build.0 = Release|Any CPU
		{061C7098-C8D0-45FB-923C-169E535C4EA3}.Release|x64.ActiveCfg = Release|Any CPU
		{061C7098-C8D0-45FB-923C-169E535C4EA3}.Release|x64.Build.0 = Release|Any CPU
		{061C7098-C8D0-45FB-923C-169E535C4EA3}.Release|x86.ActiveCfg = Release|Any CPU
		{061C7098-C8D0-45FB-923C-169E535C4EA3}.Release|x86.Build.0 = Release|Any CPU
		{7DC2A8BD-14F2-438E-9161-BA404D508214}.Debug|Any CPU.ActiveCfg = Debug|Any CPU
		{7DC2A8BD-14F2-438E-9161-BA404D508214}.Debug|Any CPU.Build.0 = Debug|Any CPU
		{7DC2A8BD-14F2-438E-9161-BA404D508214}.Debug|x64.ActiveCfg = Debug|Any CPU
		{7DC2A8BD-14F2-438E-9161-BA404D508214}.Debug|x64.Build.0 = Debug|Any CPU
		{7DC2A8BD-14F2-438E-9161-BA404D508214}.Debug|x86.ActiveCfg = Debug|Any CPU
		{7DC2A8BD-14F2-438E-9161-BA404D508214}.Debug|x86.Build.0 = Debug|Any CPU
		{7DC2A8BD-14F2-438E-9161-BA404D508214}.Release|Any CPU.ActiveCfg = Release|Any CPU
		{7DC2A8BD-14F2-438E-9161-BA404D508214}.Release|Any CPU.Build.0 = Release|Any CPU
		{7DC2A8BD-14F2-438E-9161-BA404D508214}.Release|x64.ActiveCfg = Release|Any CPU
		{7DC2A8BD-14F2-438E-9161-BA404D508214}.Release|x64.Build.0 = Release|Any CPU
		{7DC2A8BD-14F2-438E-9161-BA404D508214}.Release|x86.ActiveCfg = Release|Any CPU
		{7DC2A8BD-14F2-438E-9161-BA404D508214}.Release|x86.Build.0 = Release|Any CPU
		{2FA94E62-C8A3-4896-AF61-C03021D7D499}.Debug|Any CPU.ActiveCfg = Debug|Any CPU
		{2FA94E62-C8A3-4896-AF61-C03021D7D499}.Debug|Any CPU.Build.0 = Debug|Any CPU
		{2FA94E62-C8A3-4896-AF61-C03021D7D499}.Debug|x64.ActiveCfg = Debug|Any CPU
		{2FA94E62-C8A3-4896-AF61-C03021D7D499}.Debug|x64.Build.0 = Debug|Any CPU
		{2FA94E62-C8A3-4896-AF61-C03021D7D499}.Debug|x86.ActiveCfg = Debug|Any CPU
		{2FA94E62-C8A3-4896-AF61-C03021D7D499}.Debug|x86.Build.0 = Debug|Any CPU
		{2FA94E62-C8A3-4896-AF61-C03021D7D499}.Release|Any CPU.ActiveCfg = Release|Any CPU
		{2FA94E62-C8A3-4896-AF61-C03021D7D499}.Release|Any CPU.Build.0 = Release|Any CPU
		{2FA94E62-C8A3-4896-AF61-C03021D7D499}.Release|x64.ActiveCfg = Release|Any CPU
		{2FA94E62-C8A3-4896-AF61-C03021D7D499}.Release|x64.Build.0 = Release|Any CPU
		{2FA94E62-C8A3-4896-AF61-C03021D7D499}.Release|x86.ActiveCfg = Release|Any CPU
		{2FA94E62-C8A3-4896-AF61-C03021D7D499}.Release|x86.Build.0 = Release|Any CPU
		{CFC472EB-69C3-4C4A-8762-05D3A379040B}.Debug|Any CPU.ActiveCfg = Debug|Any CPU
		{CFC472EB-69C3-4C4A-8762-05D3A379040B}.Debug|Any CPU.Build.0 = Debug|Any CPU
		{CFC472EB-69C3-4C4A-8762-05D3A379040B}.Debug|x64.ActiveCfg = Debug|Any CPU
		{CFC472EB-69C3-4C4A-8762-05D3A379040B}.Debug|x64.Build.0 = Debug|Any CPU
		{CFC472EB-69C3-4C4A-8762-05D3A379040B}.Debug|x86.ActiveCfg = Debug|Any CPU
		{CFC472EB-69C3-4C4A-8762-05D3A379040B}.Debug|x86.Build.0 = Debug|Any CPU
		{CFC472EB-69C3-4C4A-8762-05D3A379040B}.Release|Any CPU.ActiveCfg = Release|Any CPU
		{CFC472EB-69C3-4C4A-8762-05D3A379040B}.Release|Any CPU.Build.0 = Release|Any CPU
		{CFC472EB-69C3-4C4A-8762-05D3A379040B}.Release|x64.ActiveCfg = Release|Any CPU
		{CFC472EB-69C3-4C4A-8762-05D3A379040B}.Release|x64.Build.0 = Release|Any CPU
		{CFC472EB-69C3-4C4A-8762-05D3A379040B}.Release|x86.ActiveCfg = Release|Any CPU
		{CFC472EB-69C3-4C4A-8762-05D3A379040B}.Release|x86.Build.0 = Release|Any CPU
		{57AEA729-887E-4EEC-9703-318C0F599CFF}.Debug|Any CPU.ActiveCfg = Debug|Any CPU
		{57AEA729-887E-4EEC-9703-318C0F599CFF}.Debug|Any CPU.Build.0 = Debug|Any CPU
		{57AEA729-887E-4EEC-9703-318C0F599CFF}.Debug|x64.ActiveCfg = Debug|Any CPU
		{57AEA729-887E-4EEC-9703-318C0F599CFF}.Debug|x64.Build.0 = Debug|Any CPU
		{57AEA729-887E-4EEC-9703-318C0F599CFF}.Debug|x86.ActiveCfg = Debug|Any CPU
		{57AEA729-887E-4EEC-9703-318C0F599CFF}.Debug|x86.Build.0 = Debug|Any CPU
		{57AEA729-887E-4EEC-9703-318C0F599CFF}.Release|Any CPU.ActiveCfg = Release|Any CPU
		{57AEA729-887E-4EEC-9703-318C0F599CFF}.Release|Any CPU.Build.0 = Release|Any CPU
		{57AEA729-887E-4EEC-9703-318C0F599CFF}.Release|x64.ActiveCfg = Release|Any CPU
		{57AEA729-887E-4EEC-9703-318C0F599CFF}.Release|x64.Build.0 = Release|Any CPU
		{57AEA729-887E-4EEC-9703-318C0F599CFF}.Release|x86.ActiveCfg = Release|Any CPU
		{57AEA729-887E-4EEC-9703-318C0F599CFF}.Release|x86.Build.0 = Release|Any CPU
		{84D2E5CE-8DF6-4EE7-A50F-BB93D2EA4ACE}.Debug|Any CPU.ActiveCfg = Debug|Any CPU
		{84D2E5CE-8DF6-4EE7-A50F-BB93D2EA4ACE}.Debug|Any CPU.Build.0 = Debug|Any CPU
		{84D2E5CE-8DF6-4EE7-A50F-BB93D2EA4ACE}.Debug|x64.ActiveCfg = Debug|Any CPU
		{84D2E5CE-8DF6-4EE7-A50F-BB93D2EA4ACE}.Debug|x64.Build.0 = Debug|Any CPU
		{84D2E5CE-8DF6-4EE7-A50F-BB93D2EA4ACE}.Debug|x86.ActiveCfg = Debug|Any CPU
		{84D2E5CE-8DF6-4EE7-A50F-BB93D2EA4ACE}.Debug|x86.Build.0 = Debug|Any CPU
		{84D2E5CE-8DF6-4EE7-A50F-BB93D2EA4ACE}.Release|Any CPU.ActiveCfg = Release|Any CPU
		{84D2E5CE-8DF6-4EE7-A50F-BB93D2EA4ACE}.Release|Any CPU.Build.0 = Release|Any CPU
		{84D2E5CE-8DF6-4EE7-A50F-BB93D2EA4ACE}.Release|x64.ActiveCfg = Release|Any CPU
		{84D2E5CE-8DF6-4EE7-A50F-BB93D2EA4ACE}.Release|x64.Build.0 = Release|Any CPU
		{84D2E5CE-8DF6-4EE7-A50F-BB93D2EA4ACE}.Release|x86.ActiveCfg = Release|Any CPU
		{84D2E5CE-8DF6-4EE7-A50F-BB93D2EA4ACE}.Release|x86.Build.0 = Release|Any CPU
		{D04CAF4F-ADCC-465E-AE2B-EB21901B4A10}.Debug|Any CPU.ActiveCfg = Debug|Any CPU
		{D04CAF4F-ADCC-465E-AE2B-EB21901B4A10}.Debug|Any CPU.Build.0 = Debug|Any CPU
		{D04CAF4F-ADCC-465E-AE2B-EB21901B4A10}.Debug|x64.ActiveCfg = Debug|Any CPU
		{D04CAF4F-ADCC-465E-AE2B-EB21901B4A10}.Debug|x64.Build.0 = Debug|Any CPU
		{D04CAF4F-ADCC-465E-AE2B-EB21901B4A10}.Debug|x86.ActiveCfg = Debug|Any CPU
		{D04CAF4F-ADCC-465E-AE2B-EB21901B4A10}.Debug|x86.Build.0 = Debug|Any CPU
		{D04CAF4F-ADCC-465E-AE2B-EB21901B4A10}.Release|Any CPU.ActiveCfg = Release|Any CPU
		{D04CAF4F-ADCC-465E-AE2B-EB21901B4A10}.Release|Any CPU.Build.0 = Release|Any CPU
		{D04CAF4F-ADCC-465E-AE2B-EB21901B4A10}.Release|x64.ActiveCfg = Release|Any CPU
		{D04CAF4F-ADCC-465E-AE2B-EB21901B4A10}.Release|x64.Build.0 = Release|Any CPU
		{D04CAF4F-ADCC-465E-AE2B-EB21901B4A10}.Release|x86.ActiveCfg = Release|Any CPU
		{D04CAF4F-ADCC-465E-AE2B-EB21901B4A10}.Release|x86.Build.0 = Release|Any CPU
		{1E9159B8-0799-415D-AB28-43CC56E36237}.Debug|Any CPU.ActiveCfg = Debug|Any CPU
		{1E9159B8-0799-415D-AB28-43CC56E36237}.Debug|Any CPU.Build.0 = Debug|Any CPU
		{1E9159B8-0799-415D-AB28-43CC56E36237}.Debug|x64.ActiveCfg = Debug|Any CPU
		{1E9159B8-0799-415D-AB28-43CC56E36237}.Debug|x64.Build.0 = Debug|Any CPU
		{1E9159B8-0799-415D-AB28-43CC56E36237}.Debug|x86.ActiveCfg = Debug|Any CPU
		{1E9159B8-0799-415D-AB28-43CC56E36237}.Debug|x86.Build.0 = Debug|Any CPU
		{1E9159B8-0799-415D-AB28-43CC56E36237}.Release|Any CPU.ActiveCfg = Release|Any CPU
		{1E9159B8-0799-415D-AB28-43CC56E36237}.Release|Any CPU.Build.0 = Release|Any CPU
		{1E9159B8-0799-415D-AB28-43CC56E36237}.Release|x64.ActiveCfg = Release|Any CPU
		{1E9159B8-0799-415D-AB28-43CC56E36237}.Release|x64.Build.0 = Release|Any CPU
		{1E9159B8-0799-415D-AB28-43CC56E36237}.Release|x86.ActiveCfg = Release|Any CPU
		{1E9159B8-0799-415D-AB28-43CC56E36237}.Release|x86.Build.0 = Release|Any CPU
		{7E76E011-3CC9-4474-99B1-5B6E866A89C5}.Debug|Any CPU.ActiveCfg = Debug|Any CPU
		{7E76E011-3CC9-4474-99B1-5B6E866A89C5}.Debug|Any CPU.Build.0 = Debug|Any CPU
		{7E76E011-3CC9-4474-99B1-5B6E866A89C5}.Debug|x64.ActiveCfg = Debug|Any CPU
		{7E76E011-3CC9-4474-99B1-5B6E866A89C5}.Debug|x64.Build.0 = Debug|Any CPU
		{7E76E011-3CC9-4474-99B1-5B6E866A89C5}.Debug|x86.ActiveCfg = Debug|Any CPU
		{7E76E011-3CC9-4474-99B1-5B6E866A89C5}.Debug|x86.Build.0 = Debug|Any CPU
		{7E76E011-3CC9-4474-99B1-5B6E866A89C5}.Release|Any CPU.ActiveCfg = Release|Any CPU
		{7E76E011-3CC9-4474-99B1-5B6E866A89C5}.Release|Any CPU.Build.0 = Release|Any CPU
		{7E76E011-3CC9-4474-99B1-5B6E866A89C5}.Release|x64.ActiveCfg = Release|Any CPU
		{7E76E011-3CC9-4474-99B1-5B6E866A89C5}.Release|x64.Build.0 = Release|Any CPU
		{7E76E011-3CC9-4474-99B1-5B6E866A89C5}.Release|x86.ActiveCfg = Release|Any CPU
		{7E76E011-3CC9-4474-99B1-5B6E866A89C5}.Release|x86.Build.0 = Release|Any CPU
	EndGlobalSection
	GlobalSection(SolutionProperties) = preSolution
		HideSolutionNode = FALSE
	EndGlobalSection
	GlobalSection(NestedProjects) = preSolution
		{F96E9980-FE60-48C1-84DD-CDB2BC20B629} = {DAE1057D-8FDD-4282-B12B-647AB80C78F4}
		{B8485339-A572-491D-8BD6-86BB5DE9B74B} = {DAE1057D-8FDD-4282-B12B-647AB80C78F4}
		{857821EF-1EE8-47E4-9E13-E49D07EE9C54} = {F96E9980-FE60-48C1-84DD-CDB2BC20B629}
		{9DBFD4E7-5759-4FC5-81EA-54AAD23BC5A2} = {DAE1057D-8FDD-4282-B12B-647AB80C78F4}
		{43A5D2ED-B550-4381-BB5C-A1E569A9A47D} = {F96E9980-FE60-48C1-84DD-CDB2BC20B629}
		{68AE5847-7F8B-4BFA-9FF1-7B6431D5DEA7} = {F96E9980-FE60-48C1-84DD-CDB2BC20B629}
		{3F6337C8-BAFA-4EF8-B242-8468E9715BE4} = {68AE5847-7F8B-4BFA-9FF1-7B6431D5DEA7}
		{061C7098-C8D0-45FB-923C-169E535C4EA3} = {68AE5847-7F8B-4BFA-9FF1-7B6431D5DEA7}
		{7DC2A8BD-14F2-438E-9161-BA404D508214} = {8B382915-DB81-4FCE-8D2F-A2CBE4EB4703}
		{2FA94E62-C8A3-4896-AF61-C03021D7D499} = {8B382915-DB81-4FCE-8D2F-A2CBE4EB4703}
		{326C9229-24C0-4824-8A41-465DC4E0407C} = {F96E9980-FE60-48C1-84DD-CDB2BC20B629}
		{CFC472EB-69C3-4C4A-8762-05D3A379040B} = {326C9229-24C0-4824-8A41-465DC4E0407C}
		{57AEA729-887E-4EEC-9703-318C0F599CFF} = {326C9229-24C0-4824-8A41-465DC4E0407C}
		{84D2E5CE-8DF6-4EE7-A50F-BB93D2EA4ACE} = {21ACEFC6-8FDC-4D16-880F-B656AA63E0E0}
		{D04CAF4F-ADCC-465E-AE2B-EB21901B4A10} = {21ACEFC6-8FDC-4D16-880F-B656AA63E0E0}
		{1E9159B8-0799-415D-AB28-43CC56E36237} = {21ACEFC6-8FDC-4D16-880F-B656AA63E0E0}
		{7E76E011-3CC9-4474-99B1-5B6E866A89C5} = {21ACEFC6-8FDC-4D16-880F-B656AA63E0E0}
	EndGlobalSection
	GlobalSection(ExtensibilityGlobals) = postSolution
		SolutionGuid = {5B7286FC-2D23-46B9-A69B-A447D5963726}
	EndGlobalSection
EndGlobal
