Microsoft Visual Studio Solution File, Format Version 12.00
# Visual Studio 15
VisualStudioVersion = 15.0.26124.0
MinimumVisualStudioVersion = 15.0.26124.0
Project("{9A19103F-16F7-4668-BE54-9A1E7A4F7556}") = "Oetools.Runner.Cli", "Oetools.Runner.Cli\Oetools.Runner.Cli.csproj", "{FFB81763-530F-4355-A234-BCE711A49102}"
EndProject
Project("{9A19103F-16F7-4668-BE54-9A1E7A4F7556}") = "Oetools.Packager", "Oetools.Packager\Oetools.Packager\Oetools.Packager.csproj", "{B8485339-A572-491D-8BD6-86BB5DE9B74B}"
EndProject
Project("{9A19103F-16F7-4668-BE54-9A1E7A4F7556}") = "Oetools.Utilities", "Oetools.Packager\Oetools.Utilities\Oetools.Utilities\Oetools.Utilities.csproj", "{857821EF-1EE8-47E4-9E13-E49D07EE9C54}"
EndProject
Project("{9A19103F-16F7-4668-BE54-9A1E7A4F7556}") = "Oetools.Packager.Test", "Oetools.Packager\Oetools.Packager.Test\Oetools.Packager.Test.csproj", "{9DBFD4E7-5759-4FC5-81EA-54AAD23BC5A2}"
EndProject
Project("{9A19103F-16F7-4668-BE54-9A1E7A4F7556}") = "Oetools.Utilities.Test", "Oetools.Packager\Oetools.Utilities\Oetools.Utilities.Test\Oetools.Utilities.Test.csproj", "{43A5D2ED-B550-4381-BB5C-A1E569A9A47D}"
EndProject
Project("{2150E333-8FDC-42A3-9474-1A3956D46DE8}") = "Oetools.Packager", "Oetools.Packager", "{DAE1057D-8FDD-4282-B12B-647AB80C78F4}"
EndProject
Project("{2150E333-8FDC-42A3-9474-1A3956D46DE8}") = "Oetools.Utilities", "Oetools.Utilities", "{F96E9980-FE60-48C1-84DD-CDB2BC20B629}"
EndProject
Global
	GlobalSection(SolutionConfigurationPlatforms) = preSolution
		Debug|Any CPU = Debug|Any CPU
		Debug|x64 = Debug|x64
		Debug|x86 = Debug|x86
		Release|Any CPU = Release|Any CPU
		Release|x64 = Release|x64
		Release|x86 = Release|x86
	EndGlobalSection
	GlobalSection(ProjectConfigurationPlatforms) = postSolution
		{FFB81763-530F-4355-A234-BCE711A49102}.Debug|Any CPU.ActiveCfg = Debug|Any CPU
		{FFB81763-530F-4355-A234-BCE711A49102}.Debug|Any CPU.Build.0 = Debug|Any CPU
		{FFB81763-530F-4355-A234-BCE711A49102}.Debug|x64.ActiveCfg = Debug|Any CPU
		{FFB81763-530F-4355-A234-BCE711A49102}.Debug|x64.Build.0 = Debug|Any CPU
		{FFB81763-530F-4355-A234-BCE711A49102}.Debug|x86.ActiveCfg = Debug|Any CPU
		{FFB81763-530F-4355-A234-BCE711A49102}.Debug|x86.Build.0 = Debug|Any CPU
		{FFB81763-530F-4355-A234-BCE711A49102}.Release|Any CPU.ActiveCfg = Release|Any CPU
		{FFB81763-530F-4355-A234-BCE711A49102}.Release|Any CPU.Build.0 = Release|Any CPU
		{FFB81763-530F-4355-A234-BCE711A49102}.Release|x64.ActiveCfg = Release|Any CPU
		{FFB81763-530F-4355-A234-BCE711A49102}.Release|x64.Build.0 = Release|Any CPU
		{FFB81763-530F-4355-A234-BCE711A49102}.Release|x86.ActiveCfg = Release|Any CPU
		{FFB81763-530F-4355-A234-BCE711A49102}.Release|x86.Build.0 = Release|Any CPU
		{B8485339-A572-491D-8BD6-86BB5DE9B74B}.Debug|Any CPU.ActiveCfg = Debug|Any CPU
		{B8485339-A572-491D-8BD6-86BB5DE9B74B}.Debug|Any CPU.Build.0 = Debug|Any CPU
		{B8485339-A572-491D-8BD6-86BB5DE9B74B}.Debug|x64.ActiveCfg = Debug|Any CPU
		{B8485339-A572-491D-8BD6-86BB5DE9B74B}.Debug|x64.Build.0 = Debug|Any CPU
		{B8485339-A572-491D-8BD6-86BB5DE9B74B}.Debug|x86.ActiveCfg = Debug|Any CPU
		{B8485339-A572-491D-8BD6-86BB5DE9B74B}.Debug|x86.Build.0 = Debug|Any CPU
		{B8485339-A572-491D-8BD6-86BB5DE9B74B}.Release|Any CPU.ActiveCfg = Release|Any CPU
		{B8485339-A572-491D-8BD6-86BB5DE9B74B}.Release|Any CPU.Build.0 = Release|Any CPU
		{B8485339-A572-491D-8BD6-86BB5DE9B74B}.Release|x64.ActiveCfg = Release|Any CPU
		{B8485339-A572-491D-8BD6-86BB5DE9B74B}.Release|x64.Build.0 = Release|Any CPU
		{B8485339-A572-491D-8BD6-86BB5DE9B74B}.Release|x86.ActiveCfg = Release|Any CPU
		{B8485339-A572-491D-8BD6-86BB5DE9B74B}.Release|x86.Build.0 = Release|Any CPU
		{857821EF-1EE8-47E4-9E13-E49D07EE9C54}.Debug|Any CPU.ActiveCfg = Debug|Any CPU
		{857821EF-1EE8-47E4-9E13-E49D07EE9C54}.Debug|Any CPU.Build.0 = Debug|Any CPU
		{857821EF-1EE8-47E4-9E13-E49D07EE9C54}.Debug|x64.ActiveCfg = Debug|Any CPU
		{857821EF-1EE8-47E4-9E13-E49D07EE9C54}.Debug|x64.Build.0 = Debug|Any CPU
		{857821EF-1EE8-47E4-9E13-E49D07EE9C54}.Debug|x86.ActiveCfg = Debug|Any CPU
		{857821EF-1EE8-47E4-9E13-E49D07EE9C54}.Debug|x86.Build.0 = Debug|Any CPU
		{857821EF-1EE8-47E4-9E13-E49D07EE9C54}.Release|Any CPU.ActiveCfg = Release|Any CPU
		{857821EF-1EE8-47E4-9E13-E49D07EE9C54}.Release|Any CPU.Build.0 = Release|Any CPU
		{857821EF-1EE8-47E4-9E13-E49D07EE9C54}.Release|x64.ActiveCfg = Release|Any CPU
		{857821EF-1EE8-47E4-9E13-E49D07EE9C54}.Release|x64.Build.0 = Release|Any CPU
		{857821EF-1EE8-47E4-9E13-E49D07EE9C54}.Release|x86.ActiveCfg = Release|Any CPU
		{857821EF-1EE8-47E4-9E13-E49D07EE9C54}.Release|x86.Build.0 = Release|Any CPU
		{9DBFD4E7-5759-4FC5-81EA-54AAD23BC5A2}.Debug|Any CPU.ActiveCfg = Debug|Any CPU
		{9DBFD4E7-5759-4FC5-81EA-54AAD23BC5A2}.Debug|Any CPU.Build.0 = Debug|Any CPU
		{9DBFD4E7-5759-4FC5-81EA-54AAD23BC5A2}.Debug|x64.ActiveCfg = Debug|Any CPU
		{9DBFD4E7-5759-4FC5-81EA-54AAD23BC5A2}.Debug|x64.Build.0 = Debug|Any CPU
		{9DBFD4E7-5759-4FC5-81EA-54AAD23BC5A2}.Debug|x86.ActiveCfg = Debug|Any CPU
		{9DBFD4E7-5759-4FC5-81EA-54AAD23BC5A2}.Debug|x86.Build.0 = Debug|Any CPU
		{9DBFD4E7-5759-4FC5-81EA-54AAD23BC5A2}.Release|Any CPU.ActiveCfg = Release|Any CPU
		{9DBFD4E7-5759-4FC5-81EA-54AAD23BC5A2}.Release|Any CPU.Build.0 = Release|Any CPU
		{9DBFD4E7-5759-4FC5-81EA-54AAD23BC5A2}.Release|x64.ActiveCfg = Release|Any CPU
		{9DBFD4E7-5759-4FC5-81EA-54AAD23BC5A2}.Release|x64.Build.0 = Release|Any CPU
		{9DBFD4E7-5759-4FC5-81EA-54AAD23BC5A2}.Release|x86.ActiveCfg = Release|Any CPU
		{9DBFD4E7-5759-4FC5-81EA-54AAD23BC5A2}.Release|x86.Build.0 = Release|Any CPU
		{43A5D2ED-B550-4381-BB5C-A1E569A9A47D}.Debug|Any CPU.ActiveCfg = Debug|Any CPU
		{43A5D2ED-B550-4381-BB5C-A1E569A9A47D}.Debug|Any CPU.Build.0 = Debug|Any CPU
		{43A5D2ED-B550-4381-BB5C-A1E569A9A47D}.Debug|x64.ActiveCfg = Debug|Any CPU
		{43A5D2ED-B550-4381-BB5C-A1E569A9A47D}.Debug|x64.Build.0 = Debug|Any CPU
		{43A5D2ED-B550-4381-BB5C-A1E569A9A47D}.Debug|x86.ActiveCfg = Debug|Any CPU
		{43A5D2ED-B550-4381-BB5C-A1E569A9A47D}.Debug|x86.Build.0 = Debug|Any CPU
		{43A5D2ED-B550-4381-BB5C-A1E569A9A47D}.Release|Any CPU.ActiveCfg = Release|Any CPU
		{43A5D2ED-B550-4381-BB5C-A1E569A9A47D}.Release|Any CPU.Build.0 = Release|Any CPU
		{43A5D2ED-B550-4381-BB5C-A1E569A9A47D}.Release|x64.ActiveCfg = Release|Any CPU
		{43A5D2ED-B550-4381-BB5C-A1E569A9A47D}.Release|x64.Build.0 = Release|Any CPU
		{43A5D2ED-B550-4381-BB5C-A1E569A9A47D}.Release|x86.ActiveCfg = Release|Any CPU
		{43A5D2ED-B550-4381-BB5C-A1E569A9A47D}.Release|x86.Build.0 = Release|Any CPU
	EndGlobalSection
	GlobalSection(SolutionProperties) = preSolution
		HideSolutionNode = FALSE
	EndGlobalSection
	GlobalSection(NestedProjects) = preSolution
		{B8485339-A572-491D-8BD6-86BB5DE9B74B} = {DAE1057D-8FDD-4282-B12B-647AB80C78F4}
		{857821EF-1EE8-47E4-9E13-E49D07EE9C54} = {F96E9980-FE60-48C1-84DD-CDB2BC20B629}
		{9DBFD4E7-5759-4FC5-81EA-54AAD23BC5A2} = {DAE1057D-8FDD-4282-B12B-647AB80C78F4}
		{43A5D2ED-B550-4381-BB5C-A1E569A9A47D} = {F96E9980-FE60-48C1-84DD-CDB2BC20B629}
	EndGlobalSection
	GlobalSection(ExtensibilityGlobals) = postSolution
		SolutionGuid = {5B7286FC-2D23-46B9-A69B-A447D5963726}
	EndGlobalSection
EndGlobal
