
Microsoft Visual Studio Solution File, Format Version 12.00
# Visual Studio 15
VisualStudioVersion = 15.0.26124.0
MinimumVisualStudioVersion = 15.0.26124.0
Project("{2150E333-8FDC-42A3-9474-1A3956D46DE8}") = "Oetools.Builder", "Oetools.Builder", "{DAE1057D-8FDD-4282-B12B-647AB80C78F4}"
EndProject
Project("{2150E333-8FDC-42A3-9474-1A3956D46DE8}") = "Oetools.Utilities", "Oetools.Utilities", "{F96E9980-FE60-48C1-84DD-CDB2BC20B629}"
EndProject
Project("{2150E333-8FDC-42A3-9474-1A3956D46DE8}") = "Solution", "Solution", "{88BF140B-288F-4CD9-A6F0-0BBAD9FCC77A}"
	ProjectSection(SolutionItems) = preProject
		README.md = README.md
	EndProjectSection
EndProject
Project("{9A19103F-16F7-4668-BE54-9A1E7A4F7556}") = "Oetools.Sakoe", "Oetools.Sakoe\Oetools.Sakoe.csproj", "{FFB81763-530F-4355-A234-BCE711A49102}"
EndProject
Project("{9A19103F-16F7-4668-BE54-9A1E7A4F7556}") = "Oetools.Builder", "Oetools.Builder\Oetools.Builder\Oetools.Builder.csproj", "{B8485339-A572-491D-8BD6-86BB5DE9B74B}"
EndProject
Project("{9A19103F-16F7-4668-BE54-9A1E7A4F7556}") = "Oetools.Utilities", "Oetools.Builder\Oetools.Utilities\Oetools.Utilities\Oetools.Utilities.csproj", "{857821EF-1EE8-47E4-9E13-E49D07EE9C54}"
EndProject
Project("{9A19103F-16F7-4668-BE54-9A1E7A4F7556}") = "Oetools.Builder.Test", "Oetools.Builder\Oetools.Builder.Test\Oetools.Builder.Test.csproj", "{9DBFD4E7-5759-4FC5-81EA-54AAD23BC5A2}"
EndProject
Project("{9A19103F-16F7-4668-BE54-9A1E7A4F7556}") = "Oetools.Utilities.Test", "Oetools.Builder\Oetools.Utilities\Oetools.Utilities.Test\Oetools.Utilities.Test.csproj", "{43A5D2ED-B550-4381-BB5C-A1E569A9A47D}"
EndProject
Project("{9A19103F-16F7-4668-BE54-9A1E7A4F7556}") = "Oetools.Sakoe.Test", "Oetools.Sakoe.Test\Oetools.Sakoe.Test.csproj", "{2B26AD29-0096-426A-8D70-C10D2DECC33D}"
EndProject
Project("{2150E333-8FDC-42A3-9474-1A3956D46DE8}") = "CabinetManager", "CabinetManager", "{68AE5847-7F8B-4BFA-9FF1-7B6431D5DEA7}"
EndProject
Project("{FAE04EC0-301F-11D3-BF4B-00C04F79EFBC}") = "CabinetManager", "Oetools.Builder\Oetools.Utilities\CabinetManager\CabinetManager\CabinetManager.csproj", "{3F6337C8-BAFA-4EF8-B242-8468E9715BE4}"
EndProject
Project("{FAE04EC0-301F-11D3-BF4B-00C04F79EFBC}") = "CabinetManagerTest", "Oetools.Builder\Oetools.Utilities\CabinetManager\CabinetManagerTest\CabinetManagerTest.csproj", "{061C7098-C8D0-45FB-923C-169E535C4EA3}"
EndProject
Project("{2150E333-8FDC-42A3-9474-1A3956D46DE8}") = "GithubUpdater", "GithubUpdater", "{9F5FA587-8EF3-43F9-ACF9-6F7AFE73BCAF}"
EndProject
Project("{FAE04EC0-301F-11D3-BF4B-00C04F79EFBC}") = "GithubUpdater", "GithubUpdater\GithubUpdater\GithubUpdater.csproj", "{BEB3954D-0408-4BEF-9ACE-D3B22C698819}"
EndProject
Project("{FAE04EC0-301F-11D3-BF4B-00C04F79EFBC}") = "GithubUpdater.Test", "GithubUpdater\GithubUpdater.Test\GithubUpdater.Test.csproj", "{F82A4837-021E-44F1-81A6-624A86D0B1BD}"
EndProject
Project("{2150E333-8FDC-42A3-9474-1A3956D46DE8}") = "CommandLineUtilsPlus", "CommandLineUtilsPlus", "{8B382915-DB81-4FCE-8D2F-A2CBE4EB4703}"
EndProject
Project("{FAE04EC0-301F-11D3-BF4B-00C04F79EFBC}") = "CommandLineUtilsPlus", "CommandLineUtilsPlus\CommandLineUtilsPlus\CommandLineUtilsPlus.csproj", "{7DC2A8BD-14F2-438E-9161-BA404D508214}"
EndProject
Project("{FAE04EC0-301F-11D3-BF4B-00C04F79EFBC}") = "CommandLineUtilsPlus.Test", "CommandLineUtilsPlus\CommandLineUtilsPlus.Test\CommandLineUtilsPlus.Test.csproj", "{2FA94E62-C8A3-4896-AF61-C03021D7D499}"
EndProject
Global
	GlobalSection(SolutionConfigurationPlatforms) = preSolution
		Debug|Any CPU = Debug|Any CPU
		Debug|x64 = Debug|x64
		Debug|x86 = Debug|x86
		Release|Any CPU = Release|Any CPU
		Release|x64 = Release|x64
		Release|x86 = Release|x86
	EndGlobalSection
	GlobalSection(ProjectConfigurationPlatforms) = postSolution
		{FFB81763-530F-4355-A234-BCE711A49102}.Debug|Any CPU.ActiveCfg = Debug|Any CPU
		{FFB81763-530F-4355-A234-BCE711A49102}.Debug|Any CPU.Build.0 = Debug|Any CPU
		{FFB81763-530F-4355-A234-BCE711A49102}.Debug|x64.ActiveCfg = Debug|Any CPU
		{FFB81763-530F-4355-A234-BCE711A49102}.Debug|x64.Build.0 = Debug|Any CPU
		{FFB81763-530F-4355-A234-BCE711A49102}.Debug|x86.ActiveCfg = Debug|Any CPU
		{FFB81763-530F-4355-A234-BCE711A49102}.Debug|x86.Build.0 = Debug|Any CPU
		{FFB81763-530F-4355-A234-BCE711A49102}.Release|Any CPU.ActiveCfg = Release|Any CPU
		{FFB81763-530F-4355-A234-BCE711A49102}.Release|Any CPU.Build.0 = Release|Any CPU
		{FFB81763-530F-4355-A234-BCE711A49102}.Release|x64.ActiveCfg = Release|Any CPU
		{FFB81763-530F-4355-A234-BCE711A49102}.Release|x64.Build.0 = Release|Any CPU
		{FFB81763-530F-4355-A234-BCE711A49102}.Release|x86.ActiveCfg = Release|Any CPU
		{FFB81763-530F-4355-A234-BCE711A49102}.Release|x86.Build.0 = Release|Any CPU
		{B8485339-A572-491D-8BD6-86BB5DE9B74B}.Debug|Any CPU.ActiveCfg = Debug|Any CPU
		{B8485339-A572-491D-8BD6-86BB5DE9B74B}.Debug|Any CPU.Build.0 = Debug|Any CPU
		{B8485339-A572-491D-8BD6-86BB5DE9B74B}.Debug|x64.ActiveCfg = Debug|Any CPU
		{B8485339-A572-491D-8BD6-86BB5DE9B74B}.Debug|x64.Build.0 = Debug|Any CPU
		{B8485339-A572-491D-8BD6-86BB5DE9B74B}.Debug|x86.ActiveCfg = Debug|Any CPU
		{B8485339-A572-491D-8BD6-86BB5DE9B74B}.Debug|x86.Build.0 = Debug|Any CPU
		{B8485339-A572-491D-8BD6-86BB5DE9B74B}.Release|Any CPU.ActiveCfg = Release|Any CPU
		{B8485339-A572-491D-8BD6-86BB5DE9B74B}.Release|Any CPU.Build.0 = Release|Any CPU
		{B8485339-A572-491D-8BD6-86BB5DE9B74B}.Release|x64.ActiveCfg = Release|Any CPU
		{B8485339-A572-491D-8BD6-86BB5DE9B74B}.Release|x64.Build.0 = Release|Any CPU
		{B8485339-A572-491D-8BD6-86BB5DE9B74B}.Release|x86.ActiveCfg = Release|Any CPU
		{B8485339-A572-491D-8BD6-86BB5DE9B74B}.Release|x86.Build.0 = Release|Any CPU
		{857821EF-1EE8-47E4-9E13-E49D07EE9C54}.Debug|Any CPU.ActiveCfg = Debug|Any CPU
		{857821EF-1EE8-47E4-9E13-E49D07EE9C54}.Debug|Any CPU.Build.0 = Debug|Any CPU
		{857821EF-1EE8-47E4-9E13-E49D07EE9C54}.Debug|x64.ActiveCfg = Debug|Any CPU
		{857821EF-1EE8-47E4-9E13-E49D07EE9C54}.Debug|x64.Build.0 = Debug|Any CPU
		{857821EF-1EE8-47E4-9E13-E49D07EE9C54}.Debug|x86.ActiveCfg = Debug|Any CPU
		{857821EF-1EE8-47E4-9E13-E49D07EE9C54}.Debug|x86.Build.0 = Debug|Any CPU
		{857821EF-1EE8-47E4-9E13-E49D07EE9C54}.Release|Any CPU.ActiveCfg = Release|Any CPU
		{857821EF-1EE8-47E4-9E13-E49D07EE9C54}.Release|Any CPU.Build.0 = Release|Any CPU
		{857821EF-1EE8-47E4-9E13-E49D07EE9C54}.Release|x64.ActiveCfg = Release|Any CPU
		{857821EF-1EE8-47E4-9E13-E49D07EE9C54}.Release|x64.Build.0 = Release|Any CPU
		{857821EF-1EE8-47E4-9E13-E49D07EE9C54}.Release|x86.ActiveCfg = Release|Any CPU
		{857821EF-1EE8-47E4-9E13-E49D07EE9C54}.Release|x86.Build.0 = Release|Any CPU
		{9DBFD4E7-5759-4FC5-81EA-54AAD23BC5A2}.Debug|Any CPU.ActiveCfg = Debug|Any CPU
		{9DBFD4E7-5759-4FC5-81EA-54AAD23BC5A2}.Debug|Any CPU.Build.0 = Debug|Any CPU
		{9DBFD4E7-5759-4FC5-81EA-54AAD23BC5A2}.Debug|x64.ActiveCfg = Debug|Any CPU
		{9DBFD4E7-5759-4FC5-81EA-54AAD23BC5A2}.Debug|x64.Build.0 = Debug|Any CPU
		{9DBFD4E7-5759-4FC5-81EA-54AAD23BC5A2}.Debug|x86.ActiveCfg = Debug|Any CPU
		{9DBFD4E7-5759-4FC5-81EA-54AAD23BC5A2}.Debug|x86.Build.0 = Debug|Any CPU
		{9DBFD4E7-5759-4FC5-81EA-54AAD23BC5A2}.Release|Any CPU.ActiveCfg = Release|Any CPU
		{9DBFD4E7-5759-4FC5-81EA-54AAD23BC5A2}.Release|Any CPU.Build.0 = Release|Any CPU
		{9DBFD4E7-5759-4FC5-81EA-54AAD23BC5A2}.Release|x64.ActiveCfg = Release|Any CPU
		{9DBFD4E7-5759-4FC5-81EA-54AAD23BC5A2}.Release|x64.Build.0 = Release|Any CPU
		{9DBFD4E7-5759-4FC5-81EA-54AAD23BC5A2}.Release|x86.ActiveCfg = Release|Any CPU
		{9DBFD4E7-5759-4FC5-81EA-54AAD23BC5A2}.Release|x86.Build.0 = Release|Any CPU
		{43A5D2ED-B550-4381-BB5C-A1E569A9A47D}.Debug|Any CPU.ActiveCfg = Debug|Any CPU
		{43A5D2ED-B550-4381-BB5C-A1E569A9A47D}.Debug|Any CPU.Build.0 = Debug|Any CPU
		{43A5D2ED-B550-4381-BB5C-A1E569A9A47D}.Debug|x64.ActiveCfg = Debug|Any CPU
		{43A5D2ED-B550-4381-BB5C-A1E569A9A47D}.Debug|x64.Build.0 = Debug|Any CPU
		{43A5D2ED-B550-4381-BB5C-A1E569A9A47D}.Debug|x86.ActiveCfg = Debug|Any CPU
		{43A5D2ED-B550-4381-BB5C-A1E569A9A47D}.Debug|x86.Build.0 = Debug|Any CPU
		{43A5D2ED-B550-4381-BB5C-A1E569A9A47D}.Release|Any CPU.ActiveCfg = Release|Any CPU
		{43A5D2ED-B550-4381-BB5C-A1E569A9A47D}.Release|Any CPU.Build.0 = Release|Any CPU
		{43A5D2ED-B550-4381-BB5C-A1E569A9A47D}.Release|x64.ActiveCfg = Release|Any CPU
		{43A5D2ED-B550-4381-BB5C-A1E569A9A47D}.Release|x64.Build.0 = Release|Any CPU
		{43A5D2ED-B550-4381-BB5C-A1E569A9A47D}.Release|x86.ActiveCfg = Release|Any CPU
		{43A5D2ED-B550-4381-BB5C-A1E569A9A47D}.Release|x86.Build.0 = Release|Any CPU
		{2B26AD29-0096-426A-8D70-C10D2DECC33D}.Debug|Any CPU.ActiveCfg = Debug|Any CPU
		{2B26AD29-0096-426A-8D70-C10D2DECC33D}.Debug|Any CPU.Build.0 = Debug|Any CPU
		{2B26AD29-0096-426A-8D70-C10D2DECC33D}.Debug|x64.ActiveCfg = Debug|Any CPU
		{2B26AD29-0096-426A-8D70-C10D2DECC33D}.Debug|x64.Build.0 = Debug|Any CPU
		{2B26AD29-0096-426A-8D70-C10D2DECC33D}.Debug|x86.ActiveCfg = Debug|Any CPU
		{2B26AD29-0096-426A-8D70-C10D2DECC33D}.Debug|x86.Build.0 = Debug|Any CPU
		{2B26AD29-0096-426A-8D70-C10D2DECC33D}.Release|Any CPU.ActiveCfg = Release|Any CPU
		{2B26AD29-0096-426A-8D70-C10D2DECC33D}.Release|Any CPU.Build.0 = Release|Any CPU
		{2B26AD29-0096-426A-8D70-C10D2DECC33D}.Release|x64.ActiveCfg = Release|Any CPU
		{2B26AD29-0096-426A-8D70-C10D2DECC33D}.Release|x64.Build.0 = Release|Any CPU
		{2B26AD29-0096-426A-8D70-C10D2DECC33D}.Release|x86.ActiveCfg = Release|Any CPU
		{2B26AD29-0096-426A-8D70-C10D2DECC33D}.Release|x86.Build.0 = Release|Any CPU
		{3F6337C8-BAFA-4EF8-B242-8468E9715BE4}.Debug|Any CPU.ActiveCfg = Debug|Any CPU
		{3F6337C8-BAFA-4EF8-B242-8468E9715BE4}.Debug|Any CPU.Build.0 = Debug|Any CPU
		{3F6337C8-BAFA-4EF8-B242-8468E9715BE4}.Debug|x64.ActiveCfg = Debug|Any CPU
		{3F6337C8-BAFA-4EF8-B242-8468E9715BE4}.Debug|x64.Build.0 = Debug|Any CPU
		{3F6337C8-BAFA-4EF8-B242-8468E9715BE4}.Debug|x86.ActiveCfg = Debug|Any CPU
		{3F6337C8-BAFA-4EF8-B242-8468E9715BE4}.Debug|x86.Build.0 = Debug|Any CPU
		{3F6337C8-BAFA-4EF8-B242-8468E9715BE4}.Release|Any CPU.ActiveCfg = Release|Any CPU
		{3F6337C8-BAFA-4EF8-B242-8468E9715BE4}.Release|Any CPU.Build.0 = Release|Any CPU
		{3F6337C8-BAFA-4EF8-B242-8468E9715BE4}.Release|x64.ActiveCfg = Release|Any CPU
		{3F6337C8-BAFA-4EF8-B242-8468E9715BE4}.Release|x64.Build.0 = Release|Any CPU
		{3F6337C8-BAFA-4EF8-B242-8468E9715BE4}.Release|x86.ActiveCfg = Release|Any CPU
		{3F6337C8-BAFA-4EF8-B242-8468E9715BE4}.Release|x86.Build.0 = Release|Any CPU
		{061C7098-C8D0-45FB-923C-169E535C4EA3}.Debug|Any CPU.ActiveCfg = Debug|Any CPU
		{061C7098-C8D0-45FB-923C-169E535C4EA3}.Debug|Any CPU.Build.0 = Debug|Any CPU
		{061C7098-C8D0-45FB-923C-169E535C4EA3}.Debug|x64.ActiveCfg = Debug|Any CPU
		{061C7098-C8D0-45FB-923C-169E535C4EA3}.Debug|x64.Build.0 = Debug|Any CPU
		{061C7098-C8D0-45FB-923C-169E535C4EA3}.Debug|x86.ActiveCfg = Debug|Any CPU
		{061C7098-C8D0-45FB-923C-169E535C4EA3}.Debug|x86.Build.0 = Debug|Any CPU
		{061C7098-C8D0-45FB-923C-169E535C4EA3}.Release|Any CPU.ActiveCfg = Release|Any CPU
		{061C7098-C8D0-45FB-923C-169E535C4EA3}.Release|Any CPU.Build.0 = Release|Any CPU
		{061C7098-C8D0-45FB-923C-169E535C4EA3}.Release|x64.ActiveCfg = Release|Any CPU
		{061C7098-C8D0-45FB-923C-169E535C4EA3}.Release|x64.Build.0 = Release|Any CPU
		{061C7098-C8D0-45FB-923C-169E535C4EA3}.Release|x86.ActiveCfg = Release|Any CPU
		{061C7098-C8D0-45FB-923C-169E535C4EA3}.Release|x86.Build.0 = Release|Any CPU
		{BEB3954D-0408-4BEF-9ACE-D3B22C698819}.Debug|Any CPU.ActiveCfg = Debug|Any CPU
		{BEB3954D-0408-4BEF-9ACE-D3B22C698819}.Debug|Any CPU.Build.0 = Debug|Any CPU
		{BEB3954D-0408-4BEF-9ACE-D3B22C698819}.Debug|x64.ActiveCfg = Debug|Any CPU
		{BEB3954D-0408-4BEF-9ACE-D3B22C698819}.Debug|x64.Build.0 = Debug|Any CPU
		{BEB3954D-0408-4BEF-9ACE-D3B22C698819}.Debug|x86.ActiveCfg = Debug|Any CPU
		{BEB3954D-0408-4BEF-9ACE-D3B22C698819}.Debug|x86.Build.0 = Debug|Any CPU
		{BEB3954D-0408-4BEF-9ACE-D3B22C698819}.Release|Any CPU.ActiveCfg = Release|Any CPU
		{BEB3954D-0408-4BEF-9ACE-D3B22C698819}.Release|Any CPU.Build.0 = Release|Any CPU
		{BEB3954D-0408-4BEF-9ACE-D3B22C698819}.Release|x64.ActiveCfg = Release|Any CPU
		{BEB3954D-0408-4BEF-9ACE-D3B22C698819}.Release|x64.Build.0 = Release|Any CPU
		{BEB3954D-0408-4BEF-9ACE-D3B22C698819}.Release|x86.ActiveCfg = Release|Any CPU
		{BEB3954D-0408-4BEF-9ACE-D3B22C698819}.Release|x86.Build.0 = Release|Any CPU
		{F82A4837-021E-44F1-81A6-624A86D0B1BD}.Debug|Any CPU.ActiveCfg = Debug|Any CPU
		{F82A4837-021E-44F1-81A6-624A86D0B1BD}.Debug|Any CPU.Build.0 = Debug|Any CPU
		{F82A4837-021E-44F1-81A6-624A86D0B1BD}.Debug|x64.ActiveCfg = Debug|Any CPU
		{F82A4837-021E-44F1-81A6-624A86D0B1BD}.Debug|x64.Build.0 = Debug|Any CPU
		{F82A4837-021E-44F1-81A6-624A86D0B1BD}.Debug|x86.ActiveCfg = Debug|Any CPU
		{F82A4837-021E-44F1-81A6-624A86D0B1BD}.Debug|x86.Build.0 = Debug|Any CPU
		{F82A4837-021E-44F1-81A6-624A86D0B1BD}.Release|Any CPU.ActiveCfg = Release|Any CPU
		{F82A4837-021E-44F1-81A6-624A86D0B1BD}.Release|Any CPU.Build.0 = Release|Any CPU
		{F82A4837-021E-44F1-81A6-624A86D0B1BD}.Release|x64.ActiveCfg = Release|Any CPU
		{F82A4837-021E-44F1-81A6-624A86D0B1BD}.Release|x64.Build.0 = Release|Any CPU
		{F82A4837-021E-44F1-81A6-624A86D0B1BD}.Release|x86.ActiveCfg = Release|Any CPU
		{F82A4837-021E-44F1-81A6-624A86D0B1BD}.Release|x86.Build.0 = Release|Any CPU
		{7DC2A8BD-14F2-438E-9161-BA404D508214}.Debug|Any CPU.ActiveCfg = Debug|Any CPU
		{7DC2A8BD-14F2-438E-9161-BA404D508214}.Debug|Any CPU.Build.0 = Debug|Any CPU
		{7DC2A8BD-14F2-438E-9161-BA404D508214}.Debug|x64.ActiveCfg = Debug|Any CPU
		{7DC2A8BD-14F2-438E-9161-BA404D508214}.Debug|x64.Build.0 = Debug|Any CPU
		{7DC2A8BD-14F2-438E-9161-BA404D508214}.Debug|x86.ActiveCfg = Debug|Any CPU
		{7DC2A8BD-14F2-438E-9161-BA404D508214}.Debug|x86.Build.0 = Debug|Any CPU
		{7DC2A8BD-14F2-438E-9161-BA404D508214}.Release|Any CPU.ActiveCfg = Release|Any CPU
		{7DC2A8BD-14F2-438E-9161-BA404D508214}.Release|Any CPU.Build.0 = Release|Any CPU
		{7DC2A8BD-14F2-438E-9161-BA404D508214}.Release|x64.ActiveCfg = Release|Any CPU
		{7DC2A8BD-14F2-438E-9161-BA404D508214}.Release|x64.Build.0 = Release|Any CPU
		{7DC2A8BD-14F2-438E-9161-BA404D508214}.Release|x86.ActiveCfg = Release|Any CPU
		{7DC2A8BD-14F2-438E-9161-BA404D508214}.Release|x86.Build.0 = Release|Any CPU
		{2FA94E62-C8A3-4896-AF61-C03021D7D499}.Debug|Any CPU.ActiveCfg = Debug|Any CPU
		{2FA94E62-C8A3-4896-AF61-C03021D7D499}.Debug|Any CPU.Build.0 = Debug|Any CPU
		{2FA94E62-C8A3-4896-AF61-C03021D7D499}.Debug|x64.ActiveCfg = Debug|Any CPU
		{2FA94E62-C8A3-4896-AF61-C03021D7D499}.Debug|x64.Build.0 = Debug|Any CPU
		{2FA94E62-C8A3-4896-AF61-C03021D7D499}.Debug|x86.ActiveCfg = Debug|Any CPU
		{2FA94E62-C8A3-4896-AF61-C03021D7D499}.Debug|x86.Build.0 = Debug|Any CPU
		{2FA94E62-C8A3-4896-AF61-C03021D7D499}.Release|Any CPU.ActiveCfg = Release|Any CPU
		{2FA94E62-C8A3-4896-AF61-C03021D7D499}.Release|Any CPU.Build.0 = Release|Any CPU
		{2FA94E62-C8A3-4896-AF61-C03021D7D499}.Release|x64.ActiveCfg = Release|Any CPU
		{2FA94E62-C8A3-4896-AF61-C03021D7D499}.Release|x64.Build.0 = Release|Any CPU
		{2FA94E62-C8A3-4896-AF61-C03021D7D499}.Release|x86.ActiveCfg = Release|Any CPU
		{2FA94E62-C8A3-4896-AF61-C03021D7D499}.Release|x86.Build.0 = Release|Any CPU
	EndGlobalSection
	GlobalSection(SolutionProperties) = preSolution
		HideSolutionNode = FALSE
	EndGlobalSection
	GlobalSection(NestedProjects) = preSolution
		{F96E9980-FE60-48C1-84DD-CDB2BC20B629} = {DAE1057D-8FDD-4282-B12B-647AB80C78F4}
		{B8485339-A572-491D-8BD6-86BB5DE9B74B} = {DAE1057D-8FDD-4282-B12B-647AB80C78F4}
		{857821EF-1EE8-47E4-9E13-E49D07EE9C54} = {F96E9980-FE60-48C1-84DD-CDB2BC20B629}
		{9DBFD4E7-5759-4FC5-81EA-54AAD23BC5A2} = {DAE1057D-8FDD-4282-B12B-647AB80C78F4}
		{43A5D2ED-B550-4381-BB5C-A1E569A9A47D} = {F96E9980-FE60-48C1-84DD-CDB2BC20B629}
		{68AE5847-7F8B-4BFA-9FF1-7B6431D5DEA7} = {F96E9980-FE60-48C1-84DD-CDB2BC20B629}
		{3F6337C8-BAFA-4EF8-B242-8468E9715BE4} = {68AE5847-7F8B-4BFA-9FF1-7B6431D5DEA7}
		{061C7098-C8D0-45FB-923C-169E535C4EA3} = {68AE5847-7F8B-4BFA-9FF1-7B6431D5DEA7}
		{BEB3954D-0408-4BEF-9ACE-D3B22C698819} = {9F5FA587-8EF3-43F9-ACF9-6F7AFE73BCAF}
		{F82A4837-021E-44F1-81A6-624A86D0B1BD} = {9F5FA587-8EF3-43F9-ACF9-6F7AFE73BCAF}
		{7DC2A8BD-14F2-438E-9161-BA404D508214} = {8B382915-DB81-4FCE-8D2F-A2CBE4EB4703}
		{2FA94E62-C8A3-4896-AF61-C03021D7D499} = {8B382915-DB81-4FCE-8D2F-A2CBE4EB4703}
	EndGlobalSection
	GlobalSection(ExtensibilityGlobals) = postSolution
		SolutionGuid = {5B7286FC-2D23-46B9-A69B-A447D5963726}
	EndGlobalSection
EndGlobal
